{
  "name": "twitch-alert",
  "version": "1.0.1",
  "lockfileVersion": 1,
  "requires": true,
  "dependencies": {
    "ansi-styles": {
      "version": "4.3.0",
      "resolved": "https://registry.npmjs.org/ansi-styles/-/ansi-styles-4.3.0.tgz",
      "integrity": "sha512-zbB9rCJAT1rbjiVDb2hqKFHNYLxgtk8NURxZ3IZwD3F6NtxbXZQCnnSi1Lkx+IDohdPlFp222wVALIheZJQSEg==",
      "requires": {
        "color-convert": "^2.0.1"
      }
    },
    "binpack": {
      "version": "0.1.0",
      "resolved": "https://registry.npmjs.org/binpack/-/binpack-0.1.0.tgz",
      "integrity": "sha1-vT0JdMPyoERuF99PYLVacqIFqX4="
    },
    "chalk": {
      "version": "4.1.2",
      "resolved": "https://registry.npmjs.org/chalk/-/chalk-4.1.2.tgz",
      "integrity": "sha512-oKnbhFyRIXpUuez8iBMmyEa4nbj4IOQyuhc/wy9kY7/WVPcwIO9VA668Pu8RkO7+0G76SLROeyw9CpQ061i4mA==",
      "requires": {
        "ansi-styles": "^4.1.0",
        "supports-color": "^7.1.0"
      }
    },
    "color-convert": {
      "version": "2.0.1",
      "resolved": "https://registry.npmjs.org/color-convert/-/color-convert-2.0.1.tgz",
      "integrity": "sha512-RRECPsj7iu/xb5oKYcsFHSppFNnsj/52OVTRKb4zP5onXwVF3zVmmToNcOfGC+CRDpfK/U584fMg38ZHCaElKQ==",
      "requires": {
        "color-name": "~1.1.4"
      }
    },
    "color-name": {
      "version": "1.1.4",
      "resolved": "https://registry.npmjs.org/color-name/-/color-name-1.1.4.tgz",
      "integrity": "sha512-dOy+3AuW3a2wNbZHIuMZpTcgjGuLU/uBL/ubcZF9OXbDo8ff4O8yVp5Bf0efS8uEoYo5q4Fx7dY9OgQGXgAsQA=="
    },
    "find-exec": {
      "version": "1.0.1",
      "resolved": "https://registry.npmjs.org/find-exec/-/find-exec-1.0.1.tgz",
      "integrity": "sha512-4o6QkGkpg3xK5s/47rdK9LDZRsE4JR1mrXnaAOXBngG6UKeIDJXfwtNCAkljgyy6VRh75D3FFaB0tii9vDEtIA=="
    },
    "has-flag": {
      "version": "4.0.0",
      "resolved": "https://registry.npmjs.org/has-flag/-/has-flag-4.0.0.tgz",
      "integrity": "sha512-EykJT/Q1KjTWctppgIAgfSO0tKVuZUjhgMr17kqTumMl6Afv3EISleU7qZUzoXDFTAHTDC4NOoG/ZxU3EvlMPQ=="
    },
    "node-fetch": {
      "version": "2.6.4",
      "resolved": "https://registry.npmjs.org/node-fetch/-/node-fetch-2.6.4.tgz",
      "integrity": "sha512-aD1fO+xtLiSCc9vuD+sYMxpIuQyhHscGSkBEo2o5LTV/3bTEAYvdUii29n8LlO5uLCmWdGP7uVUVXFo5SRdkLA==",
      "requires": {
        "whatwg-url": "^5.0.0"
      }
    },
    "node-osc": {
      "version": "6.1.1",
      "resolved": "https://registry.npmjs.org/node-osc/-/node-osc-6.1.1.tgz",
      "integrity": "sha512-e3t30+CFIMKpK9h68Bd9oJLtFM4qwz2EQ6enyt9ViFCG7pWAbXmQ9532pQLbzHVBwhodsMaAP70pbaPKE0OW2g==",
      "requires": {
        "osc-min": "^1.1.1"
      }
    },
    "osc-min": {
      "version": "1.1.2",
      "resolved": "https://registry.npmjs.org/osc-min/-/osc-min-1.1.2.tgz",
      "integrity": "sha512-8DbiO8ME85R75stgNVCZtHxB9MNBBNcyy+isNBXrsFeinXGjwNAauvKVmGlfRas5VJWC/mhzIx7spR2gFvWxvg==",
      "requires": {
        "binpack": "~0"
      }
    },
    "play-sound": {
      "version": "1.1.3",
      "resolved": "https://registry.npmjs.org/play-sound/-/play-sound-1.1.3.tgz",
      "integrity": "sha512-lqEzgtNAdfg2VUXItOtu5bTyWcqeFmnJmgvc8iHEeEOBEJdurqiGYfmCOzIpSBcwrs7XeSpvHv+Rw9dzRPc4aw==",
      "requires": {
        "find-exec": "1.0.1"
      }
    },
    "supports-color": {
      "version": "7.2.0",
      "resolved": "https://registry.npmjs.org/supports-color/-/supports-color-7.2.0.tgz",
      "integrity": "sha512-qpCAvRl9stuOHveKsn7HncJRvv501qIacKzQlO/+Lwxc9+0q2wLyv4Dfvt80/DPn2pqOBsJdDiogXGR9+OvwRw==",
      "requires": {
        "has-flag": "^4.0.0"
      }
    },
    "tmi.js": {
      "version": "1.8.5",
      "resolved": "https://registry.npmjs.org/tmi.js/-/tmi.js-1.8.5.tgz",
      "integrity": "sha512-A9qrydfe1e0VWM9MViVhhxVgvLpnk7pFShVUWePsSTtoi+A1X+Zjdoa7OJd7/YsgHXGj3GkNEvnWop/1WwZuew==",
      "requires": {
        "node-fetch": "^2.6.1",
        "ws": "^8.2.0"
      }
    },
    "tr46": {
      "version": "0.0.3",
      "resolved": "https://registry.npmjs.org/tr46/-/tr46-0.0.3.tgz",
      "integrity": "sha1-gYT9NH2snNwYWZLzpmIuFLnZq2o="
    },
    "webidl-conversions": {
      "version": "3.0.1",
      "resolved": "https://registry.npmjs.org/webidl-conversions/-/webidl-conversions-3.0.1.tgz",
      "integrity": "sha1-JFNCdeKnvGvnvIZhHMFq4KVlSHE="
    },
    "whatwg-url": {
      "version": "5.0.0",
      "resolved": "https://registry.npmjs.org/whatwg-url/-/whatwg-url-5.0.0.tgz",
      "integrity": "sha1-lmRU6HZUYuN2RNNib2dCzotwll0=",
      "requires": {
        "tr46": "~0.0.3",
        "webidl-conversions": "^3.0.0"
      }
    },
    "ws": {
      "version": "8.2.2",
      "resolved": "https://registry.npmjs.org/ws/-/ws-8.2.2.tgz",
      "integrity": "sha512-Q6B6H2oc8QY3llc3cB8kVmQ6pnJWVQbP7Q5algTcIxx7YEpc0oU4NBVHlztA7Ekzfhw2r0rPducMUiCGWKQRzw=="
    }
  }
}
